<?xml version="1.0" encoding="utf-8"?>
<Project ToolsVersion="4.0" xmlns="http://schemas.microsoft.com/developer/msbuild/2003">
  <ItemGroup>
    <Resource Include="lcs_news_icon.res" />
  </ItemGroup>
  <ItemGroup>
    <ClCompile Include="..\src\compat.cpp" />
    <ClCompile Include="..\src\configfile.cpp" />
    <ClCompile Include="..\src\cursesmovie.cpp" />
    <ClCompile Include="..\src\game.cpp" />
    <ClCompile Include="..\src\lcsio.cpp" />
    <ClCompile Include="..\src\cursesAlternative.cpp" />
    <ClCompile Include="..\src\basemode\activate.cpp">
      <Filter>basemode</Filter>
    </ClCompile>
    <ClCompile Include="..\src\basemode\activate_sleepers.cpp">
      <Filter>basemode</Filter>
    </ClCompile>
    <ClCompile Include="..\src\basemode\baseactions.cpp">
      <Filter>basemode</Filter>
    </ClCompile>
    <ClCompile Include="..\src\basemode\basemode.cpp">
      <Filter>basemode</Filter>
    </ClCompile>
    <ClCompile Include="..\src\basemode\liberalagenda.cpp">
      <Filter>basemode</Filter>
    </ClCompile>
    <ClCompile Include="..\src\basemode\reviewmode.cpp">
      <Filter>basemode</Filter>
    </ClCompile>
    <ClCompile Include="..\src\cmarkup\Markup.cpp">
      <Filter>cmarkup</Filter>
    </ClCompile>
    <ClCompile Include="..\src\combat\chase.cpp">
      <Filter>combat</Filter>
    </ClCompile>
    <ClCompile Include="..\src\combat\fight.cpp">
      <Filter>combat</Filter>
    </ClCompile>
    <ClCompile Include="..\src\combat\haulkidnap.cpp">
      <Filter>combat</Filter>
    </ClCompile>
    <ClCompile Include="..\src\common\commonactions.cpp">
      <Filter>common</Filter>
    </ClCompile>
    <ClCompile Include="..\src\common\commondisplay.cpp">
      <Filter>common</Filter>
    </ClCompile>
    <ClCompile Include="..\src\common\consolesupport.cpp">
      <Filter>common</Filter>
    </ClCompile>
    <ClCompile Include="..\src\common\getnames.cpp">
      <Filter>common</Filter>
    </ClCompile>
    <ClCompile Include="..\src\common\help.cpp">
      <Filter>common</Filter>
    </ClCompile>
    <ClCompile Include="..\src\common\misc.cpp">
      <Filter>common</Filter>
    </ClCompile>
    <ClCompile Include="..\src\common\stringconversion.cpp">
      <Filter>common</Filter>
    </ClCompile>
    <ClCompile Include="..\src\common\translateid.cpp">
      <Filter>common</Filter>
    </ClCompile>
    <ClCompile Include="..\src\creature\augmentation.cpp">
      <Filter>creature</Filter>
    </ClCompile>
    <ClCompile Include="..\src\creature\augmenttype.cpp">
      <Filter>creature</Filter>
    </ClCompile>
    <ClCompile Include="..\src\creature\creature.cpp">
      <Filter>creature</Filter>
    </ClCompile>
    <ClCompile Include="..\src\creature\creaturenames.cpp">
      <Filter>creature</Filter>
    </ClCompile>
    <ClCompile Include="..\src\creature\creaturetype.cpp">
      <Filter>creature</Filter>
    </ClCompile>
    <ClCompile Include="..\src\creature\creaturetypes.cpp">
      <Filter>creature</Filter>
    </ClCompile>
    <ClCompile Include="..\src\daily\activities.cpp">
      <Filter>daily</Filter>
    </ClCompile>
    <ClCompile Include="..\src\daily\daily.cpp">
      <Filter>daily</Filter>
    </ClCompile>
    <ClCompile Include="..\src\daily\date.cpp">
      <Filter>daily</Filter>
    </ClCompile>
    <ClCompile Include="..\src\daily\interrogation.cpp">
      <Filter>daily</Filter>
    </ClCompile>
    <ClCompile Include="..\src\daily\recruit.cpp">
      <Filter>daily</Filter>
    </ClCompile>
    <ClCompile Include="..\src\daily\shopsnstuff.cpp">
      <Filter>daily</Filter>
    </ClCompile>
    <ClCompile Include="..\src\daily\siege.cpp">
      <Filter>daily</Filter>
    </ClCompile>
    <ClCompile Include="..\src\items\armor.cpp">
      <Filter>items</Filter>
    </ClCompile>
    <ClCompile Include="..\src\items\armortype.cpp">
      <Filter>items</Filter>
    </ClCompile>
    <ClCompile Include="..\src\items\clip.cpp">
      <Filter>items</Filter>
    </ClCompile>
    <ClCompile Include="..\src\items\item.cpp">
      <Filter>items</Filter>
    </ClCompile>
    <ClCompile Include="..\src\items\itemtype.cpp">
      <Filter>items</Filter>
    </ClCompile>
    <ClCompile Include="..\src\items\loottype.cpp">
      <Filter>items</Filter>
    </ClCompile>
    <ClCompile Include="..\src\items\money.cpp">
      <Filter>items</Filter>
    </ClCompile>
    <ClCompile Include="..\src\items\weapon.cpp">
      <Filter>items</Filter>
    </ClCompile>
    <ClCompile Include="..\src\items\weapontype.cpp">
      <Filter>items</Filter>
    </ClCompile>
    <ClCompile Include="..\src\locations\locations.cpp">
      <Filter>locations</Filter>
    </ClCompile>
    <ClCompile Include="..\src\log\log.cpp">
      <Filter>log</Filter>
    </ClCompile>
    <ClCompile Include="..\src\monthly\endgame.cpp">
      <Filter>monthly</Filter>
    </ClCompile>
    <ClCompile Include="..\src\monthly\justice.cpp">
      <Filter>monthly</Filter>
    </ClCompile>
    <ClCompile Include="..\src\monthly\lcsmonthly.cpp">
      <Filter>monthly</Filter>
    </ClCompile>
    <ClCompile Include="..\src\monthly\monthly.cpp">
      <Filter>monthly</Filter>
    </ClCompile>
    <ClCompile Include="..\src\monthly\sleeper_update.cpp">
      <Filter>monthly</Filter>
    </ClCompile>
    <ClCompile Include="..\src\news\news.cpp">
      <Filter>news</Filter>
    </ClCompile>
    <ClCompile Include="..\src\politics\politics.cpp">
      <Filter>politics</Filter>
    </ClCompile>
    <ClCompile Include="..\src\sitemode\talk.cpp">
      <Filter>sitemode</Filter>
    </ClCompile>
    <ClCompile Include="..\src\sitemode\stealth.cpp">
      <Filter>sitemode</Filter>
    </ClCompile>
    <ClCompile Include="..\src\sitemode\sitemode.cpp">
      <Filter>sitemode</Filter>
    </ClCompile>
    <ClCompile Include="..\src\sitemode\sitemap.cpp">
      <Filter>sitemode</Filter>
    </ClCompile>
    <ClCompile Include="..\src\sitemode\sitedisplay.cpp">
      <Filter>sitemode</Filter>
    </ClCompile>
    <ClCompile Include="..\src\sitemode\shop.cpp">
      <Filter>sitemode</Filter>
    </ClCompile>
    <ClCompile Include="..\src\sitemode\newencounter.cpp">
      <Filter>sitemode</Filter>
    </ClCompile>
    <ClCompile Include="..\src\sitemode\miscactions.cpp">
      <Filter>sitemode</Filter>
    </ClCompile>
    <ClCompile Include="..\src\sitemode\mapspecials.cpp">
      <Filter>sitemode</Filter>
    </ClCompile>
    <ClCompile Include="..\src\sitemode\advance.cpp">
      <Filter>sitemode</Filter>
    </ClCompile>
    <ClCompile Include="..\src\title\highscore.cpp">
      <Filter>title</Filter>
    </ClCompile>
    <ClCompile Include="..\src\title\initfile.cpp">
      <Filter>title</Filter>
    </ClCompile>
    <ClCompile Include="..\src\title\newgame.cpp">
      <Filter>title</Filter>
    </ClCompile>
    <ClCompile Include="..\src\title\saveload.cpp">
      <Filter>title</Filter>
    </ClCompile>
    <ClCompile Include="..\src\title\titlescreen.cpp">
      <Filter>title</Filter>
    </ClCompile>
    <ClCompile Include="..\src\vehicle\vehicletype.cpp">
      <Filter>vehicle</Filter>
    </ClCompile>
    <ClCompile Include="..\src\vehicle\vehicle.cpp">
      <Filter>vehicle</Filter>
    </ClCompile>
    <ClCompile Include="..\src\externallyStoredText.cpp" />
    <ClCompile Include="..\src\externallyStoredData.cpp" />
    <ClCompile Include="..\src\common\creaturePool.cpp">
      <Filter>common</Filter>
    </ClCompile>
    <ClCompile Include="..\src\globals.cpp" />
    <ClCompile Include="..\src\locations\locationsPool.cpp">
      <Filter>locations</Filter>
    </ClCompile>
    <ClCompile Include="..\src\items\lootTypePool.cpp">
      <Filter>items</Filter>
    </ClCompile>
    <ClCompile Include="..\src\automatedDataTests.cpp" />
  </ItemGroup>
  <ItemGroup>
    <ClInclude Include="..\src\cursesAlternative.h" />
    <ClInclude Include="..\src\customMaps.h" />
    <ClInclude Include="..\src\gui_constants.h" />
    <ClInclude Include="..\src\set_color_support.h" />
    <ClInclude Include="..\src\configfile.h" />
    <ClInclude Include="..\src\cursesgraphics.h" />
    <ClInclude Include="..\src\cursesmovie.h" />
    <ClInclude Include="..\src\tinydir.h" />
    <ClInclude Include="..\src\includes.h" />
    <ClInclude Include="..\src\basemode\activate.h">
      <Filter>basemode</Filter>
    </ClInclude>
    <ClInclude Include="..\src\basemode\activate_sleepers.h">
      <Filter>basemode</Filter>
    </ClInclude>
    <ClInclude Include="..\src\basemode\reviewmode.h">
      <Filter>basemode</Filter>
    </ClInclude>
    <ClInclude Include="..\src\cmarkup\Markup.h">
      <Filter>cmarkup</Filter>
    </ClInclude>
    <ClInclude Include="..\src\combat\chase.h">
      <Filter>combat</Filter>
    </ClInclude>
    <ClInclude Include="..\src\combat\fight.h">
      <Filter>combat</Filter>
    </ClInclude>
    <ClInclude Include="..\src\combat\haulkidnap.h">
      <Filter>combat</Filter>
    </ClInclude>
    <ClInclude Include="..\src\common\commonactions.h">
      <Filter>common</Filter>
    </ClInclude>
    <ClInclude Include="..\src\common\commondisplay.h">
      <Filter>common</Filter>
    </ClInclude>
    <ClInclude Include="..\src\common\consolesupport.h">
      <Filter>common</Filter>
    </ClInclude>
    <ClInclude Include="..\src\common\equipment.h">
      <Filter>common</Filter>
    </ClInclude>
    <ClInclude Include="..\src\common\getnames.h">
      <Filter>common</Filter>
    </ClInclude>
    <ClInclude Include="..\src\common\help.h">
      <Filter>common</Filter>
    </ClInclude>
    <ClInclude Include="..\src\common\translateid.h">
      <Filter>common</Filter>
    </ClInclude>
    <ClInclude Include="..\src\creature\augmentation.h">
      <Filter>creature</Filter>
    </ClInclude>
    <ClInclude Include="..\src\creature\augmenttype.h">
      <Filter>creature</Filter>
    </ClInclude>
    <ClInclude Include="..\src\creature\creature.h">
      <Filter>creature</Filter>
    </ClInclude>
    <ClInclude Include="..\src\creature\creaturetype.h">
      <Filter>creature</Filter>
    </ClInclude>
    <ClInclude Include="..\src\daily\activities.h">
      <Filter>daily</Filter>
    </ClInclude>
    <ClInclude Include="..\src\daily\daily.h">
      <Filter>daily</Filter>
    </ClInclude>
    <ClInclude Include="..\src\daily\siege.h">
      <Filter>daily</Filter>
    </ClInclude>
    <ClInclude Include="..\src\items\armor.h">
      <Filter>items</Filter>
    </ClInclude>
    <ClInclude Include="..\src\items\armortype.h">
      <Filter>items</Filter>
    </ClInclude>
    <ClInclude Include="..\src\items\clip.h">
      <Filter>items</Filter>
    </ClInclude>
    <ClInclude Include="..\src\items\cliptype.h">
      <Filter>items</Filter>
    </ClInclude>
    <ClInclude Include="..\src\items\item.h">
      <Filter>items</Filter>
    </ClInclude>
    <ClInclude Include="..\src\items\itemtype.h">
      <Filter>items</Filter>
    </ClInclude>
    <ClInclude Include="..\src\items\loot.h">
      <Filter>items</Filter>
    </ClInclude>
    <ClInclude Include="..\src\items\loottype.h">
      <Filter>items</Filter>
    </ClInclude>
    <ClInclude Include="..\src\items\money.h">
      <Filter>items</Filter>
    </ClInclude>
    <ClInclude Include="..\src\items\weapon.h">
      <Filter>items</Filter>
    </ClInclude>
    <ClInclude Include="..\src\items\weapontype.h">
      <Filter>items</Filter>
    </ClInclude>
    <ClInclude Include="..\src\locations\locations.h">
      <Filter>locations</Filter>
    </ClInclude>
    <ClInclude Include="..\src\log\log.h">
      <Filter>log</Filter>
    </ClInclude>
    <ClInclude Include="..\src\monthly\monthly.h">
      <Filter>monthly</Filter>
    </ClInclude>
    <ClInclude Include="..\src\pdcurses\curses.h">
      <Filter>pdcurses</Filter>
    </ClInclude>
    <ClInclude Include="..\src\sitemode\stealth.h">
      <Filter>sitemode</Filter>
    </ClInclude>
    <ClInclude Include="..\src\sitemode\sitemap.h">
      <Filter>sitemode</Filter>
    </ClInclude>
    <ClInclude Include="..\src\sitemode\shop.h">
      <Filter>sitemode</Filter>
    </ClInclude>
    <ClInclude Include="..\src\title\highscore.h">
      <Filter>title</Filter>
    </ClInclude>
    <ClInclude Include="..\src\vehicle\vehicle.h">
      <Filter>vehicle</Filter>
    </ClInclude>
    <ClInclude Include="..\src\vehicle\vehicletype.h">
      <Filter>vehicle</Filter>
    </ClInclude>
    <ClInclude Include="..\src\common\misc.h">
      <Filter>common</Filter>
    </ClInclude>
    <ClInclude Include="..\src\sitemode\miscactions.h">
      <Filter>sitemode</Filter>
    </ClInclude>
    <ClInclude Include="..\src\sitemode\sitedisplay.h">
      <Filter>sitemode</Filter>
    </ClInclude>
    <ClInclude Include="..\src\sitemode\advance.h">
      <Filter>sitemode</Filter>
    </ClInclude>
    <ClInclude Include="..\src\basemode\liberalagenda.h">
      <Filter>basemode</Filter>
    </ClInclude>
    <ClInclude Include="..\src\title\initfile.h">
      <Filter>title</Filter>
    </ClInclude>
    <ClInclude Include="..\src\title\newgame.h">
      <Filter>title</Filter>
    </ClInclude>
    <ClInclude Include="..\src\title\titlescreen.h">
      <Filter>title</Filter>
    </ClInclude>
    <ClInclude Include="..\src\politics\politics.h">
      <Filter>politics</Filter>
    </ClInclude>
    <ClInclude Include="..\src\common\interval.h">
      <Filter>common</Filter>
    </ClInclude>
    <ClInclude Include="..\src\common\ledger.h">
      <Filter>common</Filter>
    </ClInclude>
    <ClInclude Include="..\src\common\musicClass.h">
      <Filter>common</Filter>
    </ClInclude>
    <ClInclude Include="..\src\combat\fightCreature.h">
      <Filter>combat</Filter>
    </ClInclude>
    <ClInclude Include="..\src\combat\haulkidnapCreature.h">
      <Filter>combat</Filter>
    </ClInclude>
    <ClInclude Include="..\src\combat\chaseCreature.h">
      <Filter>combat</Filter>
    </ClInclude>
    <ClInclude Include="..\src\common\commonactionsCreature.h">
      <Filter>common</Filter>
    </ClInclude>
    <ClInclude Include="..\src\common\commondisplayCreature.h">
      <Filter>common</Filter>
    </ClInclude>
    <ClInclude Include="..\src\common\commondisplayLog.h">
      <Filter>common</Filter>
    </ClInclude>
    <ClInclude Include="..\src\creature\creatureEnums.h">
      <Filter>creature</Filter>
    </ClInclude>
    <ClInclude Include="..\src\locations\locationsEnums.h">
      <Filter>locations</Filter>
    </ClInclude>
    <ClInclude Include="..\src\common\creaturePool.h">
      <Filter>common</Filter>
    </ClInclude>
    <ClInclude Include="..\src\common\creaturePoolCreature.h">
      <Filter>common</Filter>
    </ClInclude>
    <ClInclude Include="..\src\locations\locationsPool.h">
      <Filter>locations</Filter>
    </ClInclude>
    <ClInclude Include="..\src\locations\locationsPoolVehicle.h">
      <Filter>locations</Filter>
    </ClInclude>
    <ClInclude Include="..\src\common\ledgerEnums.h">
      <Filter>common</Filter>
    </ClInclude>
    <ClInclude Include="..\src\cursesAlternativeConstants.h" />
    <ClInclude Include="..\src\common\stringconversion.h">
      <Filter>common</Filter>
    </ClInclude>
    <ClInclude Include="..\src\items\lootTypePool.h">
      <Filter>items</Filter>
    </ClInclude>
    <ClInclude Include="..\src\items\itemPool.h">
      <Filter>items</Filter>
    </ClInclude>
    <ClInclude Include="..\src\items\lootTypePoolItem.h">
      <Filter>items</Filter>
    </ClInclude>
    <ClInclude Include="..\src\news\news.h" />
    <ClInclude Include="..\src\common\creaturePoolHeader.h">
      <Filter>common</Filter>
    </ClInclude>
    <ClInclude Include="..\src\locations\locationsPoolHeader.h">
      <Filter>locations</Filter>
    </ClInclude>
  </ItemGroup>
  <ItemGroup>
    <Library Include="..\src\pdcurses\pdcurses.lib">
      <Filter>pdcurses</Filter>
    </Library>
    <Library Include="..\src\sdl\SDL2.lib">
      <Filter>sdl</Filter>
    </Library>
    <Library Include="..\src\sdl\SDL2_mixer.lib">
      <Filter>sdl</Filter>
    </Library>
    <Library Include="..\src\sdl\SDL2main.lib">
      <Filter>sdl</Filter>
    </Library>
  </ItemGroup>
  <ItemGroup>
    <Filter Include="basemode">
      <UniqueIdentifier>{ebde6e14-bbb2-4690-885e-48993ddf2e64}</UniqueIdentifier>
    </Filter>
    <Filter Include="cmarkup">
      <UniqueIdentifier>{08efa504-9bd2-4da7-bdf6-f6d8eb5a5fe1}</UniqueIdentifier>
    </Filter>
    <Filter Include="combat">
      <UniqueIdentifier>{2fd5a33d-821a-4db1-ad3d-f8837e489c89}</UniqueIdentifier>
    </Filter>
    <Filter Include="common">
      <UniqueIdentifier>{caf50277-57f9-4d42-ae63-cd29f0150117}</UniqueIdentifier>
    </Filter>
    <Filter Include="creature">
      <UniqueIdentifier>{485ef744-0eb1-4b31-b5e8-61b659573e0f}</UniqueIdentifier>
    </Filter>
    <Filter Include="daily">
      <UniqueIdentifier>{ee50ca00-2ef9-40c2-b364-6ecd971de4c7}</UniqueIdentifier>
    </Filter>
    <Filter Include="items">
      <UniqueIdentifier>{d1e85939-bfd3-41d2-9d8b-0d49ba44d4a6}</UniqueIdentifier>
    </Filter>
    <Filter Include="locations">
      <UniqueIdentifier>{3116e679-1624-4655-bf3f-3e6f18568b04}</UniqueIdentifier>
    </Filter>
    <Filter Include="log">
      <UniqueIdentifier>{1b5e7f8a-5dab-4d8a-aeb6-3b11756b9ccc}</UniqueIdentifier>
    </Filter>
    <Filter Include="monthly">
      <UniqueIdentifier>{f240af40-8c97-47fb-808e-ab0f2307b1db}</UniqueIdentifier>
    </Filter>
    <Filter Include="title">
      <UniqueIdentifier>{e8639e6a-bf98-492b-8bc7-a5bdfec7a22d}</UniqueIdentifier>
    </Filter>
    <Filter Include="pdcurses">
      <UniqueIdentifier>{60f8b4c4-d3f7-471b-b167-66c57df6e9a4}</UniqueIdentifier>
    </Filter>
    <Filter Include="vehicle">
      <UniqueIdentifier>{114a8b09-fefe-4d1d-84de-b2358eafb595}</UniqueIdentifier>
    </Filter>
    <Filter Include="news">
      <UniqueIdentifier>{10e47257-4909-492c-912b-782b603d82f0}</UniqueIdentifier>
    </Filter>
    <Filter Include="politics">
      <UniqueIdentifier>{50216845-0576-4ba1-bb3b-7a567b925bca}</UniqueIdentifier>
    </Filter>
    <Filter Include="sitemode">
      <UniqueIdentifier>{6ffef0b5-fdce-4734-a3cb-74348fb0979a}</UniqueIdentifier>
    </Filter>
    <Filter Include="sdl">
      <UniqueIdentifier>{d86ad9a4-d971-43e9-aeb7-39fd88a554df}</UniqueIdentifier>
    </Filter>
  </ItemGroup>
</Project>